// !$*UTF8*$!
{
	archiveVersion = 1;
	classes = {
	};
	objectVersion = 56;
	objects = {

/* Begin PBXBuildFile section */
		54060D462B7E07F700DA3F61 /* FirebaseAnalytics in Frameworks */ = {isa = PBXBuildFile; productRef = 54060D452B7E07F700DA3F61 /* FirebaseAnalytics */; };
		542B60782B8B26A800DC18F4 /* GoogleService-Info.plist in Resources */ = {isa = PBXBuildFile; fileRef = 542B60772B8B26A800DC18F4 /* GoogleService-Info.plist */; };
		542B607C2B8B275700DC18F4 /* Color+.swift in Sources */ = {isa = PBXBuildFile; fileRef = 542B607B2B8B275700DC18F4 /* Color+.swift */; };
		542B607E2B8B278C00DC18F4 /* omyu pretty.ttf in Resources */ = {isa = PBXBuildFile; fileRef = 542B607D2B8B278C00DC18F4 /* omyu pretty.ttf */; };
		54552A0E2B7B776900A0F5AC /* LoadingVC.swift in Sources */ = {isa = PBXBuildFile; fileRef = 54552A0D2B7B776900A0F5AC /* LoadingVC.swift */; };
		54552A102B7B777200A0F5AC /* QuestionVC.swift in Sources */ = {isa = PBXBuildFile; fileRef = 54552A0F2B7B777200A0F5AC /* QuestionVC.swift */; };
		54552A122B7B777A00A0F5AC /* ResultVC.swift in Sources */ = {isa = PBXBuildFile; fileRef = 54552A112B7B777A00A0F5AC /* ResultVC.swift */; };
		54552A142B7B77C100A0F5AC /* StartView.swift in Sources */ = {isa = PBXBuildFile; fileRef = 54552A132B7B77C100A0F5AC /* StartView.swift */; };
		54552A162B7B77C800A0F5AC /* LoadingView.swift in Sources */ = {isa = PBXBuildFile; fileRef = 54552A152B7B77C800A0F5AC /* LoadingView.swift */; };
		54552A182B7B77D200A0F5AC /* QuestionView.swift in Sources */ = {isa = PBXBuildFile; fileRef = 54552A172B7B77D200A0F5AC /* QuestionView.swift */; };
		54552A1A2B7B77DC00A0F5AC /* ResultView.swift in Sources */ = {isa = PBXBuildFile; fileRef = 54552A192B7B77DC00A0F5AC /* ResultView.swift */; };
		54552A1D2B7B798500A0F5AC /* Lottie in Frameworks */ = {isa = PBXBuildFile; productRef = 54552A1C2B7B798500A0F5AC /* Lottie */; };
		546CCB092B70F71200802701 /* Coordinator.swift in Sources */ = {isa = PBXBuildFile; fileRef = 546CCB082B70F71200802701 /* Coordinator.swift */; };
		5494A4BC2B7B547B0085E804 /* Then in Frameworks */ = {isa = PBXBuildFile; productRef = 5494A4BB2B7B547B0085E804 /* Then */; };
		54C39B912B7B753F00093D1C /* SnapKit in Frameworks */ = {isa = PBXBuildFile; productRef = 54C39B902B7B753F00093D1C /* SnapKit */; };
		54D4ACB72B70D62A00251A22 /* AppDelegate.swift in Sources */ = {isa = PBXBuildFile; fileRef = 54D4ACB62B70D62A00251A22 /* AppDelegate.swift */; };
		54D4ACB92B70D62A00251A22 /* SceneDelegate.swift in Sources */ = {isa = PBXBuildFile; fileRef = 54D4ACB82B70D62A00251A22 /* SceneDelegate.swift */; };
		54D4ACC02B70D62C00251A22 /* Assets.xcassets in Resources */ = {isa = PBXBuildFile; fileRef = 54D4ACBF2B70D62C00251A22 /* Assets.xcassets */; };
		54D4ACC32B70D62C00251A22 /* LaunchScreen.storyboard in Resources */ = {isa = PBXBuildFile; fileRef = 54D4ACC12B70D62C00251A22 /* LaunchScreen.storyboard */; };
		54D4ACCC2B70D6B700251A22 /* StartVC.swift in Sources */ = {isa = PBXBuildFile; fileRef = 54D4ACCB2B70D6B700251A22 /* StartVC.swift */; };
/* End PBXBuildFile section */

/* Begin PBXFileReference section */
		542B60772B8B26A800DC18F4 /* GoogleService-Info.plist */ = {isa = PBXFileReference; fileEncoding = 4; lastKnownFileType = text.plist.xml; path = "GoogleService-Info.plist"; sourceTree = "<group>"; };
		542B607B2B8B275700DC18F4 /* Color+.swift */ = {isa = PBXFileReference; lastKnownFileType = sourcecode.swift; path = "Color+.swift"; sourceTree = "<group>"; };
		542B607D2B8B278C00DC18F4 /* omyu pretty.ttf */ = {isa = PBXFileReference; lastKnownFileType = file; path = "omyu pretty.ttf"; sourceTree = "<group>"; };
		54552A0D2B7B776900A0F5AC /* LoadingVC.swift */ = {isa = PBXFileReference; lastKnownFileType = sourcecode.swift; path = LoadingVC.swift; sourceTree = "<group>"; };
		54552A0F2B7B777200A0F5AC /* QuestionVC.swift */ = {isa = PBXFileReference; lastKnownFileType = sourcecode.swift; path = QuestionVC.swift; sourceTree = "<group>"; };
		54552A112B7B777A00A0F5AC /* ResultVC.swift */ = {isa = PBXFileReference; lastKnownFileType = sourcecode.swift; path = ResultVC.swift; sourceTree = "<group>"; };
		54552A132B7B77C100A0F5AC /* StartView.swift */ = {isa = PBXFileReference; lastKnownFileType = sourcecode.swift; path = StartView.swift; sourceTree = "<group>"; };
		54552A152B7B77C800A0F5AC /* LoadingView.swift */ = {isa = PBXFileReference; lastKnownFileType = sourcecode.swift; path = LoadingView.swift; sourceTree = "<group>"; };
		54552A172B7B77D200A0F5AC /* QuestionView.swift */ = {isa = PBXFileReference; lastKnownFileType = sourcecode.swift; path = QuestionView.swift; sourceTree = "<group>"; };
		54552A192B7B77DC00A0F5AC /* ResultView.swift */ = {isa = PBXFileReference; lastKnownFileType = sourcecode.swift; path = ResultView.swift; sourceTree = "<group>"; };
		546CCB082B70F71200802701 /* Coordinator.swift */ = {isa = PBXFileReference; lastKnownFileType = sourcecode.swift; path = Coordinator.swift; sourceTree = "<group>"; };
		54D4ACB32B70D62A00251A22 /* Dabie-iOS.app */ = {isa = PBXFileReference; explicitFileType = wrapper.application; includeInIndex = 0; path = "Dabie-iOS.app"; sourceTree = BUILT_PRODUCTS_DIR; };
		54D4ACB62B70D62A00251A22 /* AppDelegate.swift */ = {isa = PBXFileReference; lastKnownFileType = sourcecode.swift; path = AppDelegate.swift; sourceTree = "<group>"; };
		54D4ACB82B70D62A00251A22 /* SceneDelegate.swift */ = {isa = PBXFileReference; lastKnownFileType = sourcecode.swift; path = SceneDelegate.swift; sourceTree = "<group>"; };
		54D4ACBF2B70D62C00251A22 /* Assets.xcassets */ = {isa = PBXFileReference; lastKnownFileType = folder.assetcatalog; path = Assets.xcassets; sourceTree = "<group>"; };
		54D4ACC22B70D62C00251A22 /* Base */ = {isa = PBXFileReference; lastKnownFileType = file.storyboard; name = Base; path = Base.lproj/LaunchScreen.storyboard; sourceTree = "<group>"; };
		54D4ACC42B70D62C00251A22 /* Info.plist */ = {isa = PBXFileReference; lastKnownFileType = text.plist.xml; path = Info.plist; sourceTree = "<group>"; };
		54D4ACCB2B70D6B700251A22 /* StartVC.swift */ = {isa = PBXFileReference; lastKnownFileType = sourcecode.swift; path = StartVC.swift; sourceTree = "<group>"; };
/* End PBXFileReference section */

/* Begin PBXFrameworksBuildPhase section */
		54D4ACB02B70D62A00251A22 /* Frameworks */ = {
			isa = PBXFrameworksBuildPhase;
			buildActionMask = 2147483647;
			files = (
				5494A4BC2B7B547B0085E804 /* Then in Frameworks */,
				54C39B912B7B753F00093D1C /* SnapKit in Frameworks */,
				54060D462B7E07F700DA3F61 /* FirebaseAnalytics in Frameworks */,
				54552A1D2B7B798500A0F5AC /* Lottie in Frameworks */,
			);
			runOnlyForDeploymentPostprocessing = 0;
		};
/* End PBXFrameworksBuildPhase section */

/* Begin PBXGroup section */
		542B60792B8B273500DC18F4 /* Extension */ = {
			isa = PBXGroup;
			children = (
				542B607B2B8B275700DC18F4 /* Color+.swift */,
			);
			path = Extension;
			sourceTree = "<group>";
		};
		542B607A2B8B273D00DC18F4 /* Font */ = {
			isa = PBXGroup;
			children = (
				542B607D2B8B278C00DC18F4 /* omyu pretty.ttf */,
			);
			path = Font;
			sourceTree = "<group>";
		};
		5494A4B72B7B51C80085E804 /* Models */ = {
			isa = PBXGroup;
			children = (
			);
			path = Models;
			sourceTree = "<group>";
		};
		5494A4B82B7B52280085E804 /* Services */ = {
			isa = PBXGroup;
			children = (
			);
			path = Services;
			sourceTree = "<group>";
		};
		5494A4B92B7B53190085E804 /* Views */ = {
			isa = PBXGroup;
			children = (
				54552A132B7B77C100A0F5AC /* StartView.swift */,
				54552A152B7B77C800A0F5AC /* LoadingView.swift */,
				54552A172B7B77D200A0F5AC /* QuestionView.swift */,
				54552A192B7B77DC00A0F5AC /* ResultView.swift */,
			);
			path = Views;
			sourceTree = "<group>";
		};
		54D4ACAA2B70D62A00251A22 = {
			isa = PBXGroup;
			children = (
				54D4ACB52B70D62A00251A22 /* Dabie-iOS */,
				54D4ACB42B70D62A00251A22 /* Products */,
			);
			sourceTree = "<group>";
		};
		54D4ACB42B70D62A00251A22 /* Products */ = {
			isa = PBXGroup;
			children = (
				54D4ACB32B70D62A00251A22 /* Dabie-iOS.app */,
			);
			name = Products;
			sourceTree = "<group>";
		};
		54D4ACB52B70D62A00251A22 /* Dabie-iOS */ = {
			isa = PBXGroup;
			children = (
				54D4ACB62B70D62A00251A22 /* AppDelegate.swift */,
				54D4ACB82B70D62A00251A22 /* SceneDelegate.swift */,
				546CCB082B70F71200802701 /* Coordinator.swift */,
				5494A4B82B7B52280085E804 /* Services */,
				5494A4B72B7B51C80085E804 /* Models */,
				542B607A2B8B273D00DC18F4 /* Font */,
				542B60792B8B273500DC18F4 /* Extension */,
				5494A4B92B7B53190085E804 /* Views */,
				54D4ACCA2B70D69500251A22 /* Controllers */,
				54D4ACBF2B70D62C00251A22 /* Assets.xcassets */,
				54D4ACC12B70D62C00251A22 /* LaunchScreen.storyboard */,
				542B60772B8B26A800DC18F4 /* GoogleService-Info.plist */,
				54D4ACC42B70D62C00251A22 /* Info.plist */,
			);
			path = "Dabie-iOS";
			sourceTree = "<group>";
		};
		54D4ACCA2B70D69500251A22 /* Controllers */ = {
			isa = PBXGroup;
			children = (
				54D4ACCB2B70D6B700251A22 /* StartVC.swift */,
				54552A0D2B7B776900A0F5AC /* LoadingVC.swift */,
				54552A0F2B7B777200A0F5AC /* QuestionVC.swift */,
				54552A112B7B777A00A0F5AC /* ResultVC.swift */,
			);
			path = Controllers;
			sourceTree = "<group>";
		};
/* End PBXGroup section */

/* Begin PBXNativeTarget section */
		54D4ACB22B70D62A00251A22 /* Dabie-iOS */ = {
			isa = PBXNativeTarget;
			buildConfigurationList = 54D4ACC72B70D62C00251A22 /* Build configuration list for PBXNativeTarget "Dabie-iOS" */;
			buildPhases = (
				54D4ACAF2B70D62A00251A22 /* Sources */,
				54D4ACB02B70D62A00251A22 /* Frameworks */,
				54D4ACB12B70D62A00251A22 /* Resources */,
			);
			buildRules = (
			);
			dependencies = (
			);
			name = "Dabie-iOS";
			packageProductDependencies = (
				5494A4BB2B7B547B0085E804 /* Then */,
				54C39B902B7B753F00093D1C /* SnapKit */,
				54552A1C2B7B798500A0F5AC /* Lottie */,
				54060D452B7E07F700DA3F61 /* FirebaseAnalytics */,
			);
			productName = "Dabie-iOS";
			productReference = 54D4ACB32B70D62A00251A22 /* Dabie-iOS.app */;
			productType = "com.apple.product-type.application";
		};
/* End PBXNativeTarget section */

/* Begin PBXProject section */
		54D4ACAB2B70D62A00251A22 /* Project object */ = {
			isa = PBXProject;
			attributes = {
				BuildIndependentTargetsInParallel = 1;
				LastSwiftUpdateCheck = 1500;
				LastUpgradeCheck = 1500;
				TargetAttributes = {
					54D4ACB22B70D62A00251A22 = {
						CreatedOnToolsVersion = 15.0;
					};
				};
			};
			buildConfigurationList = 54D4ACAE2B70D62A00251A22 /* Build configuration list for PBXProject "Dabie-iOS" */;
			compatibilityVersion = "Xcode 14.0";
			developmentRegion = en;
			hasScannedForEncodings = 0;
			knownRegions = (
				en,
				Base,
			);
			mainGroup = 54D4ACAA2B70D62A00251A22;
			packageReferences = (
				5494A4BA2B7B547B0085E804 /* XCRemoteSwiftPackageReference "Then" */,
				54C39B8F2B7B753F00093D1C /* XCRemoteSwiftPackageReference "SnapKit" */,
				54552A1B2B7B798500A0F5AC /* XCRemoteSwiftPackageReference "lottie-spm" */,
				54060D442B7E07F700DA3F61 /* XCRemoteSwiftPackageReference "firebase-ios-sdk" */,
			);
			productRefGroup = 54D4ACB42B70D62A00251A22 /* Products */;
			projectDirPath = "";
			projectRoot = "";
			targets = (
				54D4ACB22B70D62A00251A22 /* Dabie-iOS */,
			);
		};
/* End PBXProject section */

/* Begin PBXResourcesBuildPhase section */
		54D4ACB12B70D62A00251A22 /* Resources */ = {
			isa = PBXResourcesBuildPhase;
			buildActionMask = 2147483647;
			files = (
				54D4ACC32B70D62C00251A22 /* LaunchScreen.storyboard in Resources */,
				542B607E2B8B278C00DC18F4 /* omyu pretty.ttf in Resources */,
				54D4ACC02B70D62C00251A22 /* Assets.xcassets in Resources */,
				542B60782B8B26A800DC18F4 /* GoogleService-Info.plist in Resources */,
			);
			runOnlyForDeploymentPostprocessing = 0;
		};
/* End PBXResourcesBuildPhase section */

/* Begin PBXSourcesBuildPhase section */
		54D4ACAF2B70D62A00251A22 /* Sources */ = {
			isa = PBXSourcesBuildPhase;
			buildActionMask = 2147483647;
			files = (
				54552A182B7B77D200A0F5AC /* QuestionView.swift in Sources */,
				542B607C2B8B275700DC18F4 /* Color+.swift in Sources */,
				546CCB092B70F71200802701 /* Coordinator.swift in Sources */,
				54552A1A2B7B77DC00A0F5AC /* ResultView.swift in Sources */,
				54D4ACB72B70D62A00251A22 /* AppDelegate.swift in Sources */,
				54D4ACB92B70D62A00251A22 /* SceneDelegate.swift in Sources */,
				54552A142B7B77C100A0F5AC /* StartView.swift in Sources */,
				54D4ACCC2B70D6B700251A22 /* StartVC.swift in Sources */,
				54552A122B7B777A00A0F5AC /* ResultVC.swift in Sources */,
				54552A102B7B777200A0F5AC /* QuestionVC.swift in Sources */,
				54552A0E2B7B776900A0F5AC /* LoadingVC.swift in Sources */,
				54552A162B7B77C800A0F5AC /* LoadingView.swift in Sources */,
			);
			runOnlyForDeploymentPostprocessing = 0;
		};
/* End PBXSourcesBuildPhase section */

/* Begin PBXVariantGroup section */
		54D4ACC12B70D62C00251A22 /* LaunchScreen.storyboard */ = {
			isa = PBXVariantGroup;
			children = (
				54D4ACC22B70D62C00251A22 /* Base */,
			);
			name = LaunchScreen.storyboard;
			sourceTree = "<group>";
		};
/* End PBXVariantGroup section */

/* Begin XCBuildConfiguration section */
		54D4ACC52B70D62C00251A22 /* Debug */ = {
			isa = XCBuildConfiguration;
			buildSettings = {
				ALWAYS_SEARCH_USER_PATHS = NO;
				ASSETCATALOG_COMPILER_GENERATE_SWIFT_ASSET_SYMBOL_EXTENSIONS = YES;
				CLANG_ANALYZER_NONNULL = YES;
				CLANG_ANALYZER_NUMBER_OBJECT_CONVERSION = YES_AGGRESSIVE;
				CLANG_CXX_LANGUAGE_STANDARD = "gnu++20";
				CLANG_ENABLE_MODULES = YES;
				CLANG_ENABLE_OBJC_ARC = YES;
				CLANG_ENABLE_OBJC_WEAK = YES;
				CLANG_WARN_BLOCK_CAPTURE_AUTORELEASING = YES;
				CLANG_WARN_BOOL_CONVERSION = YES;
				CLANG_WARN_COMMA = YES;
				CLANG_WARN_CONSTANT_CONVERSION = YES;
				CLANG_WARN_DEPRECATED_OBJC_IMPLEMENTATIONS = YES;
				CLANG_WARN_DIRECT_OBJC_ISA_USAGE = YES_ERROR;
				CLANG_WARN_DOCUMENTATION_COMMENTS = YES;
				CLANG_WARN_EMPTY_BODY = YES;
				CLANG_WARN_ENUM_CONVERSION = YES;
				CLANG_WARN_INFINITE_RECURSION = YES;
				CLANG_WARN_INT_CONVERSION = YES;
				CLANG_WARN_NON_LITERAL_NULL_CONVERSION = YES;
				CLANG_WARN_OBJC_IMPLICIT_RETAIN_SELF = YES;
				CLANG_WARN_OBJC_LITERAL_CONVERSION = YES;
				CLANG_WARN_OBJC_ROOT_CLASS = YES_ERROR;
				CLANG_WARN_QUOTED_INCLUDE_IN_FRAMEWORK_HEADER = YES;
				CLANG_WARN_RANGE_LOOP_ANALYSIS = YES;
				CLANG_WARN_STRICT_PROTOTYPES = YES;
				CLANG_WARN_SUSPICIOUS_MOVE = YES;
				CLANG_WARN_UNGUARDED_AVAILABILITY = YES_AGGRESSIVE;
				CLANG_WARN_UNREACHABLE_CODE = YES;
				CLANG_WARN__DUPLICATE_METHOD_MATCH = YES;
				COPY_PHASE_STRIP = NO;
				DEBUG_INFORMATION_FORMAT = dwarf;
				ENABLE_STRICT_OBJC_MSGSEND = YES;
				ENABLE_TESTABILITY = YES;
				ENABLE_USER_SCRIPT_SANDBOXING = YES;
				GCC_C_LANGUAGE_STANDARD = gnu17;
				GCC_DYNAMIC_NO_PIC = NO;
				GCC_NO_COMMON_BLOCKS = YES;
				GCC_OPTIMIZATION_LEVEL = 0;
				GCC_PREPROCESSOR_DEFINITIONS = (
					"DEBUG=1",
					"$(inherited)",
				);
				GCC_WARN_64_TO_32_BIT_CONVERSION = YES;
				GCC_WARN_ABOUT_RETURN_TYPE = YES_ERROR;
				GCC_WARN_UNDECLARED_SELECTOR = YES;
				GCC_WARN_UNINITIALIZED_AUTOS = YES_AGGRESSIVE;
				GCC_WARN_UNUSED_FUNCTION = YES;
				GCC_WARN_UNUSED_VARIABLE = YES;
				IPHONEOS_DEPLOYMENT_TARGET = 17.0;
				LOCALIZATION_PREFERS_STRING_CATALOGS = YES;
				MTL_ENABLE_DEBUG_INFO = INCLUDE_SOURCE;
				MTL_FAST_MATH = YES;
				ONLY_ACTIVE_ARCH = YES;
				SDKROOT = iphoneos;
				SWIFT_ACTIVE_COMPILATION_CONDITIONS = "DEBUG $(inherited)";
				SWIFT_OPTIMIZATION_LEVEL = "-Onone";
			};
			name = Debug;
		};
		54D4ACC62B70D62C00251A22 /* Release */ = {
			isa = XCBuildConfiguration;
			buildSettings = {
				ALWAYS_SEARCH_USER_PATHS = NO;
				ASSETCATALOG_COMPILER_GENERATE_SWIFT_ASSET_SYMBOL_EXTENSIONS = YES;
				CLANG_ANALYZER_NONNULL = YES;
				CLANG_ANALYZER_NUMBER_OBJECT_CONVERSION = YES_AGGRESSIVE;
				CLANG_CXX_LANGUAGE_STANDARD = "gnu++20";
				CLANG_ENABLE_MODULES = YES;
				CLANG_ENABLE_OBJC_ARC = YES;
				CLANG_ENABLE_OBJC_WEAK = YES;
				CLANG_WARN_BLOCK_CAPTURE_AUTORELEASING = YES;
				CLANG_WARN_BOOL_CONVERSION = YES;
				CLANG_WARN_COMMA = YES;
				CLANG_WARN_CONSTANT_CONVERSION = YES;
				CLANG_WARN_DEPRECATED_OBJC_IMPLEMENTATIONS = YES;
				CLANG_WARN_DIRECT_OBJC_ISA_USAGE = YES_ERROR;
				CLANG_WARN_DOCUMENTATION_COMMENTS = YES;
				CLANG_WARN_EMPTY_BODY = YES;
				CLANG_WARN_ENUM_CONVERSION = YES;
				CLANG_WARN_INFINITE_RECURSION = YES;
				CLANG_WARN_INT_CONVERSION = YES;
				CLANG_WARN_NON_LITERAL_NULL_CONVERSION = YES;
				CLANG_WARN_OBJC_IMPLICIT_RETAIN_SELF = YES;
				CLANG_WARN_OBJC_LITERAL_CONVERSION = YES;
				CLANG_WARN_OBJC_ROOT_CLASS = YES_ERROR;
				CLANG_WARN_QUOTED_INCLUDE_IN_FRAMEWORK_HEADER = YES;
				CLANG_WARN_RANGE_LOOP_ANALYSIS = YES;
				CLANG_WARN_STRICT_PROTOTYPES = YES;
				CLANG_WARN_SUSPICIOUS_MOVE = YES;
				CLANG_WARN_UNGUARDED_AVAILABILITY = YES_AGGRESSIVE;
				CLANG_WARN_UNREACHABLE_CODE = YES;
				CLANG_WARN__DUPLICATE_METHOD_MATCH = YES;
				COPY_PHASE_STRIP = NO;
				DEBUG_INFORMATION_FORMAT = "dwarf-with-dsym";
				ENABLE_NS_ASSERTIONS = NO;
				ENABLE_STRICT_OBJC_MSGSEND = YES;
				ENABLE_USER_SCRIPT_SANDBOXING = YES;
				GCC_C_LANGUAGE_STANDARD = gnu17;
				GCC_NO_COMMON_BLOCKS = YES;
				GCC_WARN_64_TO_32_BIT_CONVERSION = YES;
				GCC_WARN_ABOUT_RETURN_TYPE = YES_ERROR;
				GCC_WARN_UNDECLARED_SELECTOR = YES;
				GCC_WARN_UNINITIALIZED_AUTOS = YES_AGGRESSIVE;
				GCC_WARN_UNUSED_FUNCTION = YES;
				GCC_WARN_UNUSED_VARIABLE = YES;
				IPHONEOS_DEPLOYMENT_TARGET = 17.0;
				LOCALIZATION_PREFERS_STRING_CATALOGS = YES;
				MTL_ENABLE_DEBUG_INFO = NO;
				MTL_FAST_MATH = YES;
				SDKROOT = iphoneos;
				SWIFT_COMPILATION_MODE = wholemodule;
				VALIDATE_PRODUCT = YES;
			};
			name = Release;
		};
		54D4ACC82B70D62C00251A22 /* Debug */ = {
			isa = XCBuildConfiguration;
			buildSettings = {
				ASSETCATALOG_COMPILER_APPICON_NAME = AppIcon;
				ASSETCATALOG_COMPILER_GLOBAL_ACCENT_COLOR_NAME = AccentColor;
				CODE_SIGN_STYLE = Automatic;
				CURRENT_PROJECT_VERSION = 1;
				GENERATE_INFOPLIST_FILE = YES;
				INFOPLIST_FILE = "Dabie-iOS/Info.plist";
				INFOPLIST_KEY_UIApplicationSupportsIndirectInputEvents = YES;
				INFOPLIST_KEY_UILaunchStoryboardName = LaunchScreen;
				INFOPLIST_KEY_UISupportedInterfaceOrientations_iPad = "UIInterfaceOrientationPortrait UIInterfaceOrientationPortraitUpsideDown UIInterfaceOrientationLandscapeLeft UIInterfaceOrientationLandscapeRight";
				INFOPLIST_KEY_UISupportedInterfaceOrientations_iPhone = "UIInterfaceOrientationPortrait UIInterfaceOrientationLandscapeLeft UIInterfaceOrientationLandscapeRight";
				IPHONEOS_DEPLOYMENT_TARGET = 15.0;
				LD_RUNPATH_SEARCH_PATHS = (
					"$(inherited)",
					"@executable_path/Frameworks",
				);
				MARKETING_VERSION = 1.0;
				PRODUCT_BUNDLE_IDENTIFIER = "com.Dabiez.Dabie-iOS";
				PRODUCT_NAME = "$(TARGET_NAME)";
				SUPPORTED_PLATFORMS = "iphoneos iphonesimulator";
				SUPPORTS_MACCATALYST = NO;
				SUPPORTS_MAC_DESIGNED_FOR_IPHONE_IPAD = NO;
				SWIFT_EMIT_LOC_STRINGS = YES;
				SWIFT_VERSION = 5.0;
				TARGETED_DEVICE_FAMILY = 1;
			};
			name = Debug;
		};
		54D4ACC92B70D62C00251A22 /* Release */ = {
			isa = XCBuildConfiguration;
			buildSettings = {
				ASSETCATALOG_COMPILER_APPICON_NAME = AppIcon;
				ASSETCATALOG_COMPILER_GLOBAL_ACCENT_COLOR_NAME = AccentColor;
				CODE_SIGN_STYLE = Automatic;
				CURRENT_PROJECT_VERSION = 1;
				GENERATE_INFOPLIST_FILE = YES;
				INFOPLIST_FILE = "Dabie-iOS/Info.plist";
				INFOPLIST_KEY_UIApplicationSupportsIndirectInputEvents = YES;
				INFOPLIST_KEY_UILaunchStoryboardName = LaunchScreen;
				INFOPLIST_KEY_UISupportedInterfaceOrientations_iPad = "UIInterfaceOrientationPortrait UIInterfaceOrientationPortraitUpsideDown UIInterfaceOrientationLandscapeLeft UIInterfaceOrientationLandscapeRight";
				INFOPLIST_KEY_UISupportedInterfaceOrientations_iPhone = "UIInterfaceOrientationPortrait UIInterfaceOrientationLandscapeLeft UIInterfaceOrientationLandscapeRight";
				IPHONEOS_DEPLOYMENT_TARGET = 15.0;
				LD_RUNPATH_SEARCH_PATHS = (
					"$(inherited)",
					"@executable_path/Frameworks",
				);
				MARKETING_VERSION = 1.0;
				PRODUCT_BUNDLE_IDENTIFIER = "com.Dabiez.Dabie-iOS";
				PRODUCT_NAME = "$(TARGET_NAME)";
				SUPPORTED_PLATFORMS = "iphoneos iphonesimulator";
				SUPPORTS_MACCATALYST = NO;
				SUPPORTS_MAC_DESIGNED_FOR_IPHONE_IPAD = NO;
				SWIFT_EMIT_LOC_STRINGS = YES;
				SWIFT_VERSION = 5.0;
				TARGETED_DEVICE_FAMILY = 1;
			};
			name = Release;
		};
/* End XCBuildConfiguration section */

/* Begin XCConfigurationList section */
		54D4ACAE2B70D62A00251A22 /* Build configuration list for PBXProject "Dabie-iOS" */ = {
			isa = XCConfigurationList;
			buildConfigurations = (
				54D4ACC52B70D62C00251A22 /* Debug */,
				54D4ACC62B70D62C00251A22 /* Release */,
			);
			defaultConfigurationIsVisible = 0;
			defaultConfigurationName = Release;
		};
		54D4ACC72B70D62C00251A22 /* Build configuration list for PBXNativeTarget "Dabie-iOS" */ = {
			isa = XCConfigurationList;
			buildConfigurations = (
				54D4ACC82B70D62C00251A22 /* Debug */,
				54D4ACC92B70D62C00251A22 /* Release */,
			);
			defaultConfigurationIsVisible = 0;
			defaultConfigurationName = Release;
		};
/* End XCConfigurationList section */

/* Begin XCRemoteSwiftPackageReference section */
		54060D442B7E07F700DA3F61 /* XCRemoteSwiftPackageReference "firebase-ios-sdk" */ = {
			isa = XCRemoteSwiftPackageReference;
			repositoryURL = "https://github.com/firebase/firebase-ios-sdk";
			requirement = {
				kind = upToNextMajorVersion;
				minimumVersion = 10.21.0;
			};
		};
		54552A1B2B7B798500A0F5AC /* XCRemoteSwiftPackageReference "lottie-spm" */ = {
			isa = XCRemoteSwiftPackageReference;
			repositoryURL = "https://github.com/airbnb/lottie-spm.git";
			requirement = {
				kind = upToNextMajorVersion;
				minimumVersion = 4.4.0;
			};
		};
		5494A4BA2B7B547B0085E804 /* XCRemoteSwiftPackageReference "Then" */ = {
			isa = XCRemoteSwiftPackageReference;
			repositoryURL = "https://github.com/devxoul/Then";
			requirement = {
				kind = upToNextMajorVersion;
				minimumVersion = 3.0.0;
			};
		};
		54C39B8F2B7B753F00093D1C /* XCRemoteSwiftPackageReference "SnapKit" */ = {
			isa = XCRemoteSwiftPackageReference;
			repositoryURL = "https://github.com/SnapKit/SnapKit.git";
			requirement = {
				kind = upToNextMajorVersion;
				minimumVersion = 5.7.0;
			};
		};
/* End XCRemoteSwiftPackageReference section */

/* Begin XCSwiftPackageProductDependency section */
		54060D452B7E07F700DA3F61 /* FirebaseAnalytics */ = {
			isa = XCSwiftPackageProductDependency;
			package = 54060D442B7E07F700DA3F61 /* XCRemoteSwiftPackageReference "firebase-ios-sdk" */;
			productName = FirebaseAnalytics;
		};
		54552A1C2B7B798500A0F5AC /* Lottie */ = {
			isa = XCSwiftPackageProductDependency;
			package = 54552A1B2B7B798500A0F5AC /* XCRemoteSwiftPackageReference "lottie-spm" */;
			productName = Lottie;
		};
		5494A4BB2B7B547B0085E804 /* Then */ = {
			isa = XCSwiftPackageProductDependency;
			package = 5494A4BA2B7B547B0085E804 /* XCRemoteSwiftPackageReference "Then" */;
			productName = Then;
		};
		54C39B902B7B753F00093D1C /* SnapKit */ = {
			isa = XCSwiftPackageProductDependency;
			package = 54C39B8F2B7B753F00093D1C /* XCRemoteSwiftPackageReference "SnapKit" */;
			productName = SnapKit;
		};
/* End XCSwiftPackageProductDependency section */
	};
	rootObject = 54D4ACAB2B70D62A00251A22 /* Project object */;
}
